{
    "_readme": [
        "This file locks the dependencies of your project to a known state",
        "Read more about it at https://getcomposer.org/doc/01-basic-usage.md#installing-dependencies",
        "This file is @generated automatically"
    ],
    "content-hash": "6d4406d449249e61c58ca382cb22f1b9",
    "packages": [
        {
            "name": "camunigeography/camunidata",
            "version": "v2.2.1",
            "source": {
                "type": "git",
                "url": "https://github.com/camunigeography/camunidata.git",
                "reference": "8be58893e891045700347286b40cfea00cc1cafc"
            },
            "dist": {
                "type": "zip",
                "url": "https://api.github.com/repos/camunigeography/camunidata/zipball/8be58893e891045700347286b40cfea00cc1cafc",
                "reference": "8be58893e891045700347286b40cfea00cc1cafc",
                "shasum": ""
            },
            "type": "library",
            "autoload": {
                "psr-0": {
                    "camUniData": "src/"
                }
            },
            "notification-url": "https://packagist.org/downloads/",
            "license": [
                "GPL-3.0-only"
            ],
            "authors": [
                {
                    "name": "mvl22"
                }
            ],
            "description": "PHP library camUniData",
            "support": {
                "issues": "https://github.com/camunigeography/camunidata/issues",
                "source": "https://github.com/camunigeography/camunidata/tree/v2.2.1"
            },
            "time": "2026-09-28T19:44:18+00:00"
        },
        {
            "name": "camunigeography/reviewable-assessments",
            "version": "v1.1.6",
            "source": {
                "type": "git",
                "url": "https://github.com/camunigeography/reviewable-assessments.git",
                "reference": "fc8853540e76d7791d1cb009797e3866a91062de"
            },
            "dist": {
                "type": "zip",
                "url": "https://api.github.com/repos/camunigeography/reviewable-assessments/zipball/fc8853540e76d7791d1cb009797e3866a91062de",
                "reference": "fc8853540e76d7791d1cb009797e3866a91062de",
                "shasum": ""
            },
            "require": {
                "camunigeography/camunidata": "^2.2",
                "libpurecontent/application": "^1.10",
                "libpurecontent/csv": "^1.8",
                "libpurecontent/database": "^4.4",
                "libpurecontent/frontcontrollerapplication": "^1.14",
                "libpurecontent/ultimateform": "^1.31"
            },
            "type": "library",
            "autoload": {
                "files": [
                    "reviewableAssessments.php"
                ]
            },
            "notification-url": "https://packagist.org/downloads/",
            "license": [
                "GPL-3.0-only"
            ],
            "description": "Reviewable assessments system (base application library)",
            "support": {
                "issues": "https://github.com/camunigeography/reviewable-assessments/issues",
                "source": "https://github.com/camunigeography/reviewable-assessments/tree/v1.1.6"
            },
            "time": "2026-10-06T13:18:00+00:00"
        },
        {
            "name": "libpurecontent/application",
            "version": "v1.10.3",
            "source": {
                "type": "git",
                "url": "https://github.com/libpurecontent/application.git",
                "reference": "a853be37fb654880664802bed3e54eb85a261b35"
            },
            "dist": {
                "type": "zip",
                "url": "https://api.github.com/repos/libpurecontent/application/zipball/a853be37fb654880664802bed3e54eb85a261b35",
                "reference": "a853be37fb654880664802bed3e54eb85a261b35",
                "shasum": ""
            },
            "require": {
                "libpurecontent/database": "^4.2",
                "pear/mail": "^2.0"
            },
            "type": "library",
            "autoload": {
                "psr-0": {
                    "application": "src/"
                }
            },
            "notification-url": "https://packagist.org/downloads/",
            "license": [
                "GPL-3.0-only"
            ],
            "authors": [
                {
                    "name": "mvl22"
                }
            ],
            "description": "PHP library application within the pureContent library suite",
            "support": {
                "issues": "https://github.com/libpurecontent/application/issues",
                "source": "https://github.com/libpurecontent/application/tree/v1.10.3"
            },
            "time": "2026-10-04T23:43:14+00:00"
        },
        {
            "name": "libpurecontent/csv",
            "version": "v1.8.0",
            "source": {
                "type": "git",
                "url": "https://github.com/libpurecontent/csv.git",
                "reference": "a49196fa0f2e7bb91e2b77d71c1b38fb3b3d1b2c"
            },
            "dist": {
                "type": "zip",
                "url": "https://api.github.com/repos/libpurecontent/csv/zipball/a49196fa0f2e7bb91e2b77d71c1b38fb3b3d1b2c",
                "reference": "a49196fa0f2e7bb91e2b77d71c1b38fb3b3d1b2c",
                "shasum": ""
            },
            "require": {
                "libpurecontent/application": "^1.9",
                "libpurecontent/directories": "^1.4"
            },
            "suggest": {
                "phpoffice/phpspreadsheet": "Required if using xls2csv"
            },
            "type": "library",
            "autoload": {
                "psr-0": {
                    "csv": "src/"
                }
            },
            "notification-url": "https://packagist.org/downloads/",
            "license": [
                "GPL-3.0-only"
            ],
            "authors": [
                {
                    "name": "mvl22"
                }
            ],
            "description": "PHP library csv within the pureContent library suite",
            "support": {
                "issues": "https://github.com/libpurecontent/csv/issues",
                "source": "https://github.com/libpurecontent/csv/tree/v1.8.0"
            },
            "time": "2026-10-04T22:30:25+00:00"
        },
        {
            "name": "libpurecontent/database",
            "version": "v4.4.3",
            "source": {
                "type": "git",
                "url": "https://github.com/libpurecontent/database.git",
                "reference": "96f8930c4f5f962203531533259074d86c3e5f00"
            },
            "dist": {
                "type": "zip",
                "url": "https://api.github.com/repos/libpurecontent/database/zipball/96f8930c4f5f962203531533259074d86c3e5f00",
                "reference": "96f8930c4f5f962203531533259074d86c3e5f00",
                "shasum": ""
            },
            "require": {
                "libpurecontent/application": "^1.9",
                "libpurecontent/csv": "^1.6",
                "libpurecontent/pagination": "^1.1"
            },
            "type": "library",
            "autoload": {
                "psr-0": {
                    "database": "src/"
                }
            },
            "notification-url": "https://packagist.org/downloads/",
            "license": [
                "GPL-3.0-only"
            ],
            "authors": [
                {
                    "name": "mvl22"
                }
            ],
            "description": "PHP library database within the pureContent library suite",
            "support": {
                "issues": "https://github.com/libpurecontent/database/issues",
                "source": "https://github.com/libpurecontent/database/tree/v4.4.3"
            },
            "time": "2026-10-06T13:06:15+00:00"
        },
        {
            "name": "libpurecontent/directories",
            "version": "v1.4.0",
            "source": {
                "type": "git",
                "url": "https://github.com/libpurecontent/directories.git",
                "reference": "2f4bf6ff46ddd48d07f618f62eef8b261347ec02"
            },
            "dist": {
                "type": "zip",
                "url": "https://api.github.com/repos/libpurecontent/directories/zipball/2f4bf6ff46ddd48d07f618f62eef8b261347ec02",
                "reference": "2f4bf6ff46ddd48d07f618f62eef8b261347ec02",
                "shasum": ""
            },
            "require": {
                "libpurecontent/application": "^1.9",
                "libpurecontent/image": "^1.4"
            },
            "type": "library",
            "autoload": {
                "psr-0": {
                    "directories": "src/"
                }
            },
            "notification-url": "https://packagist.org/downloads/",
            "license": [
                "GPL-3.0-only"
            ],
            "authors": [
                {
                    "name": "mvl22"
                }
            ],
            "description": "PHP library directories within the pureContent library suite",
            "support": {
                "issues": "https://github.com/libpurecontent/directories/issues",
                "source": "https://github.com/libpurecontent/directories/tree/v1.4.0"
            },
            "time": "2024-09-17T15:02:44+00:00"
        },
        {
            "name": "libpurecontent/frontcontrollerapplication",
            "version": "v1.20.6",
            "source": {
                "type": "git",
                "url": "https://github.com/libpurecontent/frontcontrollerapplication.git",
                "reference": "27a299114c67487e9d03d79b4ba686f91773e06b"
            },
            "dist": {
                "type": "zip",
                "url": "https://api.github.com/repos/libpurecontent/frontcontrollerapplication/zipball/27a299114c67487e9d03d79b4ba686f91773e06b",
                "reference": "27a299114c67487e9d03d79b4ba686f91773e06b",
                "shasum": ""
            },
            "require": {
                "camunigeography/camunidata": "^2.2",
                "libpurecontent/application": "^1.10",
                "libpurecontent/database": "^4.4",
                "libpurecontent/directories": "^1.4",
                "libpurecontent/sinenomine": "^1.2",
                "libpurecontent/ultimateform": "^1.31",
                "libpurecontent/useraccount": "^1.12",
                "smarty/smarty": "^5.8"
            },
            "type": "library",
            "autoload": {
                "psr-0": {
                    "frontControllerApplication": "src/"
                }
            },
            "notification-url": "https://packagist.org/downloads/",
            "license": [
                "GPL-3.0-only"
            ],
            "authors": [
                {
                    "name": "mvl22"
                }
            ],
            "description": "PHP library frontControllerApplication within the pureContent library suite",
            "support": {
                "issues": "https://github.com/libpurecontent/frontcontrollerapplication/issues",
                "source": "https://github.com/libpurecontent/frontcontrollerapplication/tree/v1.20.6"
            },
            "time": "2026-09-28T20:09:43+00:00"
        },
        {
            "name": "libpurecontent/image",
            "version": "v1.5.1",
            "source": {
                "type": "git",
                "url": "https://github.com/libpurecontent/image.git",
                "reference": "141eb57f86bae67d9e58b55dd67151a74d481faf"
            },
            "dist": {
                "type": "zip",
                "url": "https://api.github.com/repos/libpurecontent/image/zipball/141eb57f86bae67d9e58b55dd67151a74d481faf",
                "reference": "141eb57f86bae67d9e58b55dd67151a74d481faf",
                "shasum": ""
            },
            "require": {
                "libpurecontent/directories": "^1.3"
            },
            "type": "library",
            "autoload": {
                "psr-0": {
                    "image": "src/"
                }
            },
            "notification-url": "https://packagist.org/downloads/",
            "license": [
                "GPL-3.0-only"
            ],
            "authors": [
                {
                    "name": "mvl22"
                }
            ],
            "description": "PHP library image within the pureContent library suite",
            "support": {
                "issues": "https://github.com/libpurecontent/image/issues",
                "source": "https://github.com/libpurecontent/image/tree/v1.5.1"
            },
            "time": "2026-09-27T11:14:15+00:00"
        },
        {
            "name": "libpurecontent/pagination",
            "version": "v1.1.2",
            "source": {
                "type": "git",
                "url": "https://github.com/libpurecontent/pagination.git",
                "reference": "8fd430cfa0af4bf20361420b2169e9ad99097ba3"
            },
            "dist": {
                "type": "zip",
                "url": "https://api.github.com/repos/libpurecontent/pagination/zipball/8fd430cfa0af4bf20361420b2169e9ad99097ba3",
                "reference": "8fd430cfa0af4bf20361420b2169e9ad99097ba3",
                "shasum": ""
            },
            "require": {
                "libpurecontent/application": "^1.9",
                "libpurecontent/ultimateform": "^1.29"
            },
            "type": "library",
            "autoload": {
                "psr-0": {
                    "pagination": "src/"
                }
            },
            "notification-url": "https://packagist.org/downloads/",
            "license": [
                "GPL-3.0-only"
            ],
            "authors": [
                {
                    "name": "mvl22"
                }
            ],
            "description": "PHP library pagination within the pureContent library suite",
            "support": {
                "issues": "https://github.com/libpurecontent/pagination/issues",
                "source": "https://github.com/libpurecontent/pagination/tree/v1.1.2"
            },
            "time": "2024-01-26T18:39:17+00:00"
        },
        {
            "name": "libpurecontent/sinenomine",
            "version": "v1.2.3",
            "source": {
                "type": "git",
                "url": "https://github.com/libpurecontent/sinenomine.git",
                "reference": "b2200de136dbff9219b77ba75a6cd9a99f005daf"
            },
            "dist": {
                "type": "zip",
                "url": "https://api.github.com/repos/libpurecontent/sinenomine/zipball/b2200de136dbff9219b77ba75a6cd9a99f005daf",
                "reference": "b2200de136dbff9219b77ba75a6cd9a99f005daf",
                "shasum": ""
            },
            "require": {
                "libpurecontent/application": "^1.10",
                "libpurecontent/database": "^4.4",
                "libpurecontent/pagination": "^1.1",
                "libpurecontent/timedate": "^1.4",
                "libpurecontent/ultimateform": "^1.31"
            },
            "type": "library",
            "autoload": {
                "files": [
                    "src/sinenomine.php",
                    "src/session.php"
                ]
            },
            "notification-url": "https://packagist.org/downloads/",
            "license": [
                "GPL-3.0-only"
            ],
            "authors": [
                {
                    "name": "mvl22"
                }
            ],
            "description": "PHP library sinenomine within the pureContent library suite",
            "support": {
                "issues": "https://github.com/libpurecontent/sinenomine/issues",
                "source": "https://github.com/libpurecontent/sinenomine/tree/v1.2.3"
            },
            "time": "2026-09-23T21:46:27+00:00"
        },
        {
            "name": "libpurecontent/timedate",
            "version": "v1.4.3",
            "source": {
                "type": "git",
                "url": "https://github.com/libpurecontent/timedate.git",
                "reference": "187eda379f3509980263f00e5734402032b79604"
            },
            "dist": {
                "type": "zip",
                "url": "https://api.github.com/repos/libpurecontent/timedate/zipball/187eda379f3509980263f00e5734402032b79604",
                "reference": "187eda379f3509980263f00e5734402032b79604",
                "shasum": ""
            },
            "type": "library",
            "autoload": {
                "psr-0": {
                    "timedate": "src/"
                }
            },
            "notification-url": "https://packagist.org/downloads/",
            "license": [
                "GPL-3.0-only"
            ],
            "authors": [
                {
                    "name": "mvl22"
                }
            ],
            "description": "PHP library timedate within the pureContent library suite",
            "support": {
                "issues": "https://github.com/libpurecontent/timedate/issues",
                "source": "https://github.com/libpurecontent/timedate/tree/v1.4.3"
            },
            "time": "2026-10-04T22:47:19+00:00"
        },
        {
            "name": "libpurecontent/ultimateform",
            "version": "v1.31.23",
            "source": {
                "type": "git",
                "url": "https://github.com/libpurecontent/ultimateform.git",
                "reference": "9086d0d5ad5c5535b1471e7bb4f6c58380ec95c0"
            },
            "dist": {
                "type": "zip",
                "url": "https://api.github.com/repos/libpurecontent/ultimateform/zipball/9086d0d5ad5c5535b1471e7bb4f6c58380ec95c0",
                "reference": "9086d0d5ad5c5535b1471e7bb4f6c58380ec95c0",
                "shasum": ""
            },
            "require": {
                "libpurecontent/application": "^1.10",
                "libpurecontent/database": "^4.4",
                "libpurecontent/timedate": "^1.4"
            },
            "type": "library",
            "autoload": {
                "classmap": [
                    "src/ultimateForm.php"
                ]
            },
            "notification-url": "https://packagist.org/downloads/",
            "license": [
                "GPL-3.0-only"
            ],
            "authors": [
                {
                    "name": "mvl22"
                }
            ],
            "description": "PHP library ultimateForm within the pureContent library suite",
            "support": {
                "issues": "https://github.com/libpurecontent/ultimateform/issues",
                "source": "https://github.com/libpurecontent/ultimateform/tree/v1.31.23"
            },
            "time": "2026-09-27T18:26:18+00:00"
        },
        {
            "name": "libpurecontent/useraccount",
            "version": "v1.12.2",
            "source": {
                "type": "git",
                "url": "https://github.com/libpurecontent/useraccount.git",
                "reference": "4ac16c49a4fbe888d568d69f3b0ba28a9cceb837"
            },
            "dist": {
                "type": "zip",
                "url": "https://api.github.com/repos/libpurecontent/useraccount/zipball/4ac16c49a4fbe888d568d69f3b0ba28a9cceb837",
                "reference": "4ac16c49a4fbe888d568d69f3b0ba28a9cceb837",
                "shasum": ""
            },
            "require": {
                "libpurecontent/application": "^1.9",
                "libpurecontent/database": "^4.2",
                "libpurecontent/ultimateform": "^1.31"
            },
            "type": "library",
            "autoload": {
                "psr-0": {
                    "userAccount": "src/"
                }
            },
            "notification-url": "https://packagist.org/downloads/",
            "license": [
                "GPL-3.0-only"
            ],
            "authors": [
                {
                    "name": "mvl22"
                }
            ],
            "description": "PHP library userAccount within the pureContent library suite",
            "support": {
                "issues": "https://github.com/libpurecontent/useraccount/issues",
                "source": "https://github.com/libpurecontent/useraccount/tree/v1.12.2"
            },
            "time": "2026-09-19T23:00:44+00:00"
        },
        {
            "name": "pear/console_getopt",
            "version": "v1.4.3",
            "source": {
                "type": "git",
                "url": "https://github.com/pear/Console_Getopt.git",
                "reference": "a41f8d3e668987609178c7c4a9fe48fecac53fa0"
            },
            "dist": {
                "type": "zip",
                "url": "https://api.github.com/repos/pear/Console_Getopt/zipball/a41f8d3e668987609178c7c4a9fe48fecac53fa0",
                "reference": "a41f8d3e668987609178c7c4a9fe48fecac53fa0",
                "shasum": ""
            },
            "type": "library",
            "autoload": {
                "psr-0": {
                    "Console": "./"
                }
            },
            "notification-url": "https://packagist.org/downloads/",
            "include-path": [
                "./"
            ],
            "license": [
                "BSD-2-Clause"
            ],
            "authors": [
                {
                    "name": "Andrei Zmievski",
                    "email": "andrei@php.net",
                    "role": "Lead"
                },
                {
                    "name": "Stig Bakken",
                    "email": "stig@php.net",
                    "role": "Developer"
                },
                {
                    "name": "Greg Beaver",
                    "email": "cellog@php.net",
                    "role": "Helper"
                }
            ],
            "description": "More info available on: http://pear.php.net/package/Console_Getopt",
            "support": {
                "issues": "http://pear.php.net/bugs/search.php?cmd=display&package_name[]=Console_Getopt",
                "source": "https://github.com/pear/Console_Getopt"
            },
            "time": "2019-11-20T18:27:48+00:00"
        },
        {
            "name": "pear/mail",
            "version": "v2.0.0",
            "source": {
                "type": "git",
                "url": "https://github.com/pear/Mail.git",
                "reference": "eb053f8b74f4f3178105fcf001626e63068c0dbc"
            },
            "dist": {
                "type": "zip",
                "url": "https://api.github.com/repos/pear/Mail/zipball/eb053f8b74f4f3178105fcf001626e63068c0dbc",
                "reference": "eb053f8b74f4f3178105fcf001626e63068c0dbc",
                "shasum": ""
            },
            "require": {
                "pear/pear-core-minimal": "~1.9",
                "php": ">=5.2.1"
            },
            "require-dev": {
                "pear/pear": "*"
            },
            "suggest": {
                "pear/net_smtp": "Install optionally via your project's composer.json"
            },
            "type": "library",
            "autoload": {
                "psr-0": {
                    "Mail": "./"
                }
            },
            "notification-url": "https://packagist.org/downloads/",
            "include-path": [
                "./"
            ],
            "license": [
                "BSD-3-Clause"
            ],
            "authors": [
                {
                    "name": "Chuck Hagenbuch",
                    "email": "chuck@horde.org",
                    "role": "Lead"
                },
                {
                    "name": "Armin Graefe",
                    "email": "schengawegga@gmail.com",
                    "role": "Lead"
                },
                {
                    "name": "Richard Heyes",
                    "email": "richard@phpguru.org",
                    "role": "Developer"
                },
                {
                    "name": "Aleksander Machniak",
                    "email": "alec@alec.pl",
                    "role": "Developer"
                }
            ],
            "description": "Class that provides multiple interfaces for sending emails.",
            "homepage": "http://pear.php.net/package/Mail",
            "support": {
                "issues": "http://pear.php.net/bugs/search.php?cmd=display&package_name[]=Mail",
                "source": "https://github.com/pear/Mail"
            },
            "time": "2024-01-15T21:56:23+00:00"
        },
        {
            "name": "pear/pear-core-minimal",
            "version": "v1.10.18",
            "source": {
                "type": "git",
                "url": "https://github.com/pear/pear-core-minimal.git",
                "reference": "c7b55789d01de0ce090d289b73f1bbd6a2f113b1"
            },
            "dist": {
                "type": "zip",
                "url": "https://api.github.com/repos/pear/pear-core-minimal/zipball/c7b55789d01de0ce090d289b73f1bbd6a2f113b1",
                "reference": "c7b55789d01de0ce090d289b73f1bbd6a2f113b1",
                "shasum": ""
            },
            "require": {
                "pear/console_getopt": "~1.4",
                "pear/pear_exception": "~1.0",
                "php": ">=5.4"
            },
            "replace": {
                "rsky/pear-core-min": "self.version"
            },
            "type": "library",
            "autoload": {
                "classmap": [
                    "src/"
                ]
            },
            "notification-url": "https://packagist.org/downloads/",
            "include-path": [
                "src/"
            ],
            "license": [
                "BSD-3-Clause"
            ],
            "authors": [
                {
                    "name": "Christian Weiske",
                    "email": "cweiske@php.net",
                    "role": "Lead"
                }
            ],
            "description": "Minimal set of PEAR core files to be used as composer dependency",
            "support": {
                "issues": "http://pear.php.net/bugs/search.php?cmd=display&package_name[]=PEAR",
                "source": "https://github.com/pear/pear-core-minimal"
            },
            "time": "2025-12-14T20:37:07+00:00"
        },
        {
            "name": "pear/pear_exception",
            "version": "v1.0.2",
            "source": {
                "type": "git",
                "url": "https://github.com/pear/PEAR_Exception.git",
                "reference": "b14fbe2ddb0b9f94f5b24cf08783d599f776fff0"
            },
            "dist": {
                "type": "zip",
                "url": "https://api.github.com/repos/pear/PEAR_Exception/zipball/b14fbe2ddb0b9f94f5b24cf08783d599f776fff0",
                "reference": "b14fbe2ddb0b9f94f5b24cf08783d599f776fff0",
                "shasum": ""
            },
            "require": {
                "php": ">=5.2.0"
            },
            "require-dev": {
                "phpunit/phpunit": "<9"
            },
            "type": "class",
            "extra": {
                "branch-alias": {
                    "dev-master": "1.0.x-dev"
                }
            },
            "autoload": {
                "classmap": [
                    "PEAR/"
                ]
            },
            "notification-url": "https://packagist.org/downloads/",
            "include-path": [
                "."
            ],
            "license": [
                "BSD-2-Clause"
            ],
            "authors": [
                {
                    "name": "Helgi Thormar",
                    "email": "dufuz@php.net"
                },
                {
                    "name": "Greg Beaver",
                    "email": "cellog@php.net"
                }
            ],
            "description": "The PEAR Exception base class.",
            "homepage": "https://github.com/pear/PEAR_Exception",
            "keywords": [
                "exception"
            ],
            "support": {
                "issues": "http://pear.php.net/bugs/search.php?cmd=display&package_name[]=PEAR_Exception",
                "source": "https://github.com/pear/PEAR_Exception"
            },
            "time": "2021-03-21T15:43:46+00:00"
        },
        {
            "name": "smarty/smarty",
            "version": "v5.8.5",
            "source": {
                "type": "git",
                "url": "https://github.com/smarty-php/smarty.git",
                "reference": "0ae663525dcbc9e996feb2a867e43bc85f960938"
            },
            "dist": {
                "type": "zip",
                "url": "https://api.github.com/repos/smarty-php/smarty/zipball/0ae663525dcbc9e996feb2a867e43bc85f960938",
                "reference": "0ae663525dcbc9e996feb2a867e43bc85f960938",
                "shasum": ""
            },
            "require": {
                "php": "^7.2 || ^8.0",
                "symfony/polyfill-mbstring": "^1.27"
            },
            "require-dev": {
                "phpunit/phpunit": "^8.5 || ^7.5",
                "smarty/smarty-lexer": "^4.0.2"
            },
            "type": "library",
            "extra": {
                "branch-alias": {
                    "dev-master": "5.0.x-dev"
                }
            },
            "autoload": {
                "files": [
                    "src/functions.php"
                ],
                "psr-4": {
                    "Smarty\\": "src/"
                }
            },
            "notification-url": "https://packagist.org/downloads/",
            "license": [
                "LGPL-3.0"
            ],
            "authors": [
                {
                    "name": "Monte Ohrt",
                    "email": "monte@ohrt.com"
                },
                {
                    "name": "Uwe Tews",
                    "email": "uwe.tews@googlemail.com"
                },
                {
                    "name": "Rodney Rehm",
                    "email": "rodney.rehm@medialize.de"
                },
                {
                    "name": "Simon Wisselink",
                    "homepage": "https://www.iwink.nl/"
                }
            ],
            "description": "Smarty - the compiling PHP template engine",
            "homepage": "https://smarty-php.github.io/smarty/",
            "keywords": [
                "templating"
            ],
            "support": {
                "forum": "https://github.com/smarty-php/smarty/discussions",
                "issues": "https://github.com/smarty-php/smarty/issues",
                "source": "https://github.com/smarty-php/smarty/tree/v5.8.5"
            },
            "funding": [
                {
                    "url": "https://github.com/wisskid",
                    "type": "github"
                }
            ],
            "time": "2026-10-04T21:31:42+00:00"
        },
        {
            "name": "symfony/polyfill-mbstring",
            "version": "v1.43.0",
            "source": {
                "type": "git",
                "url": "https://github.com/symfony/polyfill-mbstring.git",
                "reference": "4d5d331bf731e0aedbc6b2f5e61135b7b7996a72"
            },
            "dist": {
                "type": "zip",
                "url": "https://api.github.com/repos/symfony/polyfill-mbstring/zipball/4d5d331bf731e0aedbc6b2f5e61135b7b7996a72",
                "reference": "4d5d331bf731e0aedbc6b2f5e61135b7b7996a72",
                "shasum": ""
            },
            "require": {
                "ext-iconv": "*",
                "php": ">=7.2"
            },
            "provide": {
                "ext-mbstring": "*"
            },
            "suggest": {
                "ext-mbstring": "For best performance"
            },
            "type": "library",
            "extra": {
                "thanks": {
                    "url": "https://github.com/symfony/polyfill",
                    "name": "symfony/polyfill"
                }
            },
            "autoload": {
                "files": [
                    "bootstrap.php"
                ],
                "psr-4": {
                    "Symfony\\Polyfill\\Mbstring\\": ""
                }
            },
            "notification-url": "https://packagist.org/downloads/",
            "license": [
                "MIT"
            ],
            "authors": [
                {
                    "name": "Nicolas Grekas",
                    "email": "p@tchwork.com"
                },
                {
                    "name": "Symfony Community",
                    "homepage": "https://symfony.com/contributors"
                }
            ],
            "description": "Symfony polyfill for the Mbstring extension",
            "homepage": "https://symfony.com",
            "keywords": [
                "compatibility",
                "mbstring",
                "polyfill",
                "portable",
                "shim"
            ],
            "support": {
                "source": "https://github.com/symfony/polyfill-mbstring/tree/v1.43.0"
            },
            "funding": [
                {
                    "url": "https://symfony.com/sponsor",
                    "type": "custom"
                },
                {
                    "url": "https://github.com/fabpot",
                    "type": "github"
                },
                {
                    "url": "https://github.com/nicolas-grekas",
                    "type": "github"
                },
                {
                    "url": "https://tidelift.com/funding/github/packagist/symfony/symfony",
                    "type": "tidelift"
                }
            ],
            "time": "2026-09-24T15:19:04+00:00"
        }
    ],
    "packages-dev": [],
    "aliases": [],
    "minimum-stability": "stable",
    "stability-flags": {},
    "prefer-stable": false,
    "prefer-lowest": false,
    "platform": {},
    "platform-dev": {},
    "plugin-api-version": "2.9.0"
}
